
Microsoft Visual Studio Solution File, Format Version 12.00
# Visual Studio Version 16
VisualStudioVersion = 16.0.30413.136
MinimumVisualStudioVersion = 10.0.40219.1
Project("{FAE04EC0-301F-11D3-BF4B-00C04F79EFBC}") = "Doctor_Appointment", "Doctor_Appointment.csproj", "{0CB0D0BA-F0EF-47D2-AB46-6EC514F43BC6}"
EndProject
Project("{FAE04EC0-301F-11D3-BF4B-00C04F79EFBC}") = "Doctor_Appointment.Tests", "..\Doctor_Appointment.Tests\Doctor_Appointment.Tests.csproj", "{15AF3ADD-C169-4DED-B024-7CF2C8DC38CA}"
EndProject
Global
	GlobalSection(SolutionConfigurationPlatforms) = preSolution
		Debug|Any CPU = Debug|Any CPU
		Release|Any CPU = Release|Any CPU
	EndGlobalSection
	GlobalSection(ProjectConfigurationPlatforms) = postSolution
		{0CB0D0BA-F0EF-47D2-AB46-6EC514F43BC6}.Debug|Any CPU.ActiveCfg = Debug|Any CPU
		{0CB0D0BA-F0EF-47D2-AB46-6EC514F43BC6}.Debug|Any CPU.Build.0 = Debug|Any CPU
		{0CB0D0BA-F0EF-47D2-AB46-6EC514F43BC6}.Release|Any CPU.ActiveCfg = Release|Any CPU
		{0CB0D0BA-F0EF-47D2-AB46-6EC514F43BC6}.Release|Any CPU.Build.0 = Release|Any CPU
		{15AF3ADD-C169-4DED-B024-7CF2C8DC38CA}.Debug|Any CPU.ActiveCfg = Debug|Any CPU
		{15AF3ADD-C169-4DED-B024-7CF2C8DC38CA}.Debug|Any CPU.Build.0 = Debug|Any CPU
		{15AF3ADD-C169-4DED-B024-7CF2C8DC38CA}.Release|Any CPU.ActiveCfg = Release|Any CPU
		{15AF3ADD-C169-4DED-B024-7CF2C8DC38CA}.Release|Any CPU.Build.0 = Release|Any CPU
	EndGlobalSection
	GlobalSection(SolutionProperties) = preSolution
		HideSolutionNode = FALSE
	EndGlobalSection
	GlobalSection(ExtensibilityGlobals) = postSolution
		SolutionGuid = {8F0AC6D4-0023-4F61-B82B-38E559B7E58A}
	EndGlobalSection
EndGlobal
